
Microsoft Visual Studio Solution File, Format Version 12.00
# Visual Studio Version 17
VisualStudioVersion = 17.9.34616.47
MinimumVisualStudioVersion = 10.0.40219.1
Project("{FAE04EC0-301F-11D3-BF4B-00C04F79EFBC}") = "Bluesoft.Bank.API", "Bluesoft.Bank.API\Bluesoft.Bank.API.csproj", "{45DC7B40-C96E-44D6-82EA-A469E15E15AB}"
EndProject
Global
	GlobalSection(SolutionConfigurationPlatforms) = preSolution
		Debug|Any CPU = Debug|Any CPU
		Release|Any CPU = Release|Any CPU
	EndGlobalSection
	GlobalSection(ProjectConfigurationPlatforms) = postSolution
		{45DC7B40-C96E-44D6-82EA-A469E15E15AB}.Debug|Any CPU.ActiveCfg = Debug|Any CPU
		{45DC7B40-C96E-44D6-82EA-A469E15E15AB}.Debug|Any CPU.Build.0 = Debug|Any CPU
		{45DC7B40-C96E-44D6-82EA-A469E15E15AB}.Release|Any CPU.ActiveCfg = Release|Any CPU
		{45DC7B40-C96E-44D6-82EA-A469E15E15AB}.Release|Any CPU.Build.0 = Release|Any CPU
	EndGlobalSection
	GlobalSection(SolutionProperties) = preSolution
		HideSolutionNode = FALSE
	EndGlobalSection
	GlobalSection(ExtensibilityGlobals) = postSolution
		SolutionGuid = {05FB6F90-5F46-4705-94F3-C07AA04B6F20}
	EndGlobalSection
EndGlobal
